
Microsoft Visual Studio Solution File, Format Version 12.00
# Visual Studio Version 17
VisualStudioVersion = 17.8.34309.116
MinimumVisualStudioVersion = 10.0.40219.1
Project("{FAE04EC0-301F-11D3-BF4B-00C04F79EFBC}") = "create-file-versions", "create-file-versions.csproj", "{C74A6B73-F38A-4F35-B7DB-83B82DAE28AB}"
EndProject
Global
	GlobalSection(SolutionConfigurationPlatforms) = preSolution
		Debug|Any CPU = Debug|Any CPU
		Release|Any CPU = Release|Any CPU
	EndGlobalSection
	GlobalSection(ProjectConfigurationPlatforms) = postSolution
		{C74A6B73-F38A-4F35-B7DB-83B82DAE28AB}.Debug|Any CPU.ActiveCfg = Debug|Any CPU
		{C74A6B73-F38A-4F35-B7DB-83B82DAE28AB}.Debug|Any CPU.Build.0 = Debug|Any CPU
		{C74A6B73-F38A-4F35-B7DB-83B82DAE28AB}.Release|Any CPU.ActiveCfg = Release|Any CPU
		{C74A6B73-F38A-4F35-B7DB-83B82DAE28AB}.Release|Any CPU.Build.0 = Release|Any CPU
	EndGlobalSection
	GlobalSection(SolutionProperties) = preSolution
		HideSolutionNode = FALSE
	EndGlobalSection
	GlobalSection(ExtensibilityGlobals) = postSolution
		SolutionGuid = {AA9842CD-18DB-4BF7-94C8-F53CDE4640FA}
	EndGlobalSection
EndGlobal
